{
  "name": "DSA",
  "lockfileVersion": 3,
  "requires": true,
  "packages": {
    "": {
      "dependencies": {
        "otpless-js-sdk": "^2.1.1"
      }
    },
    "node_modules/otpless-js-sdk": {
      "version": "2.1.1",
      "resolved": "https://registry.npmjs.org/otpless-js-sdk/-/otpless-js-sdk-2.1.1.tgz",
      "integrity": "sha512-1tq3OyNeNvidjvdrD9H7FO1pLHlcvEK/6qKiQEB/xE9wTYEqcF/rARdlrtPtv07wTJ8QVKTwbGgogTPJcO8/FQ=="
    }
  }
}
